
Microsoft Visual Studio Solution File, Format Version 12.00
# Visual Studio Version 16
VisualStudioVersion = 16.0.31229.75
MinimumVisualStudioVersion = 10.0.40219.1
Project("{8BC9CEB8-8B4A-11D0-8D11-00A0C91BC942}") = "Game2001_Assignment_I", "Game2001_Assignment_I.vcxproj", "{F2885076-41DE-4827-B06F-EC330C375D84}"
EndProject
Global
	GlobalSection(SolutionConfigurationPlatforms) = preSolution
		Debug|x64 = Debug|x64
		Debug|x86 = Debug|x86
		Release|x64 = Release|x64
		Release|x86 = Release|x86
	EndGlobalSection
	GlobalSection(ProjectConfigurationPlatforms) = postSolution
		{F2885076-41DE-4827-B06F-EC330C375D84}.Debug|x64.ActiveCfg = Debug|x64
		{F2885076-41DE-4827-B06F-EC330C375D84}.Debug|x64.Build.0 = Debug|x64
		{F2885076-41DE-4827-B06F-EC330C375D84}.Debug|x86.ActiveCfg = Debug|Win32
		{F2885076-41DE-4827-B06F-EC330C375D84}.Debug|x86.Build.0 = Debug|Win32
		{F2885076-41DE-4827-B06F-EC330C375D84}.Release|x64.ActiveCfg = Release|x64
		{F2885076-41DE-4827-B06F-EC330C375D84}.Release|x64.Build.0 = Release|x64
		{F2885076-41DE-4827-B06F-EC330C375D84}.Release|x86.ActiveCfg = Release|Win32
		{F2885076-41DE-4827-B06F-EC330C375D84}.Release|x86.Build.0 = Release|Win32
	EndGlobalSection
	GlobalSection(SolutionProperties) = preSolution
		HideSolutionNode = FALSE
	EndGlobalSection
	GlobalSection(ExtensibilityGlobals) = postSolution
		SolutionGuid = {0A5A45BE-4CE7-413B-9C5E-5ABE1DAC3239}
	EndGlobalSection
EndGlobal
